
Microsoft Visual Studio Solution File, Format Version 12.00
# Visual Studio 14
VisualStudioVersion = 14.0.25123.0
MinimumVisualStudioVersion = 10.0.40219.1
Project("{FAE04EC0-301F-11D3-BF4B-00C04F79EFBC}") = "Attraction", "Attraction\Attraction.csproj", "{FB834BB1-1EBE-45A6-8480-18687DCFFD91}"
EndProject
Project("{FAE04EC0-301F-11D3-BF4B-00C04F79EFBC}") = "Polymorphysm", "Polymorphysm\Polymorphysm.csproj", "{23AA9F49-BEDF-4E8F-AB6F-197E2670E5BD}"
EndProject
Global
	GlobalSection(SolutionConfigurationPlatforms) = preSolution
		Debug|Any CPU = Debug|Any CPU
		Release|Any CPU = Release|Any CPU
	EndGlobalSection
	GlobalSection(ProjectConfigurationPlatforms) = postSolution
		{FB834BB1-1EBE-45A6-8480-18687DCFFD91}.Debug|Any CPU.ActiveCfg = Debug|Any CPU
		{FB834BB1-1EBE-45A6-8480-18687DCFFD91}.Debug|Any CPU.Build.0 = Debug|Any CPU
		{FB834BB1-1EBE-45A6-8480-18687DCFFD91}.Release|Any CPU.ActiveCfg = Release|Any CPU
		{FB834BB1-1EBE-45A6-8480-18687DCFFD91}.Release|Any CPU.Build.0 = Release|Any CPU
		{23AA9F49-BEDF-4E8F-AB6F-197E2670E5BD}.Debug|Any CPU.ActiveCfg = Debug|Any CPU
		{23AA9F49-BEDF-4E8F-AB6F-197E2670E5BD}.Debug|Any CPU.Build.0 = Debug|Any CPU
		{23AA9F49-BEDF-4E8F-AB6F-197E2670E5BD}.Release|Any CPU.ActiveCfg = Release|Any CPU
		{23AA9F49-BEDF-4E8F-AB6F-197E2670E5BD}.Release|Any CPU.Build.0 = Release|Any CPU
	EndGlobalSection
	GlobalSection(SolutionProperties) = preSolution
		HideSolutionNode = FALSE
	EndGlobalSection
EndGlobal
